
Microsoft Visual Studio Solution File, Format Version 12.00
# Visual Studio Version 17
VisualStudioVersion = 17.3.32929.385
MinimumVisualStudioVersion = 10.0.40219.1
Project("{60FB4B7F-3A49-4296-9F3C-36AE6FDFC21B}") = "NeosResonitePackageInExporter", "NeosResonitePackageInExporter.csproj", "{3E2C250F-00FB-4B8C-9778-FFBAB3A77B72}"
EndProject
Global
	GlobalSection(SolutionConfigurationPlatforms) = preSolution
		Debug|Any CPU = Debug|Any CPU
		Release|Any CPU = Release|Any CPU
	EndGlobalSection
	GlobalSection(ProjectConfigurationPlatforms) = postSolution
		{3E2C250F-00FB-4B8C-9778-FFBAB3A77B72}.Debug|Any CPU.ActiveCfg = Debug|Any CPU
		{3E2C250F-00FB-4B8C-9778-FFBAB3A77B72}.Debug|Any CPU.Build.0 = Debug|Any CPU
		{3E2C250F-00FB-4B8C-9778-FFBAB3A77B72}.Release|Any CPU.ActiveCfg = Release|Any CPU
		{3E2C250F-00FB-4B8C-9778-FFBAB3A77B72}.Release|Any CPU.Build.0 = Release|Any CPU
	EndGlobalSection
	GlobalSection(SolutionProperties) = preSolution
		HideSolutionNode = FALSE
	EndGlobalSection
	GlobalSection(ExtensibilityGlobals) = postSolution
		SolutionGuid = {AA5E6CA0-BFB9-407F-8A62-B027ECBE91C0}
	EndGlobalSection
EndGlobal
